// !$*UTF8*$!
{
	archiveVersion = 1;
	classes = {
	};
	objectVersion = 56;
	objects = {

/* Begin PBXBuildFile section */
		B39E77632BDB6DC9008539E5 /* StartButtonView.swift in Sources */ = {isa = PBXBuildFile; fileRef = B39E77622BDB6DC9008539E5 /* StartButtonView.swift */; };
		B39E77652BDB7A40008539E5 /* OnboardingView.swift in Sources */ = {isa = PBXBuildFile; fileRef = B39E77642BDB7A40008539E5 /* OnboardingView.swift */; };
		B39E77682BDB7EF1008539E5 /* FruitModel.swift in Sources */ = {isa = PBXBuildFile; fileRef = B39E77672BDB7EF1008539E5 /* FruitModel.swift */; };
		B39E776B2BDB813D008539E5 /* FruitData.swift in Sources */ = {isa = PBXBuildFile; fileRef = B39E776A2BDB813D008539E5 /* FruitData.swift */; };
		B39E776D2BDB8F3A008539E5 /* FruitRowView.swift in Sources */ = {isa = PBXBuildFile; fileRef = B39E776C2BDB8F3A008539E5 /* FruitRowView.swift */; };
		B39E77712BDB9B3F008539E5 /* FruitDetailView.swift in Sources */ = {isa = PBXBuildFile; fileRef = B39E77702BDB9B3F008539E5 /* FruitDetailView.swift */; };
		B39E77732BDBA3FB008539E5 /* FruitHeaderView.swift in Sources */ = {isa = PBXBuildFile; fileRef = B39E77722BDBA3FB008539E5 /* FruitHeaderView.swift */; };
		B39E77752BDBAA3D008539E5 /* SourceLinkView.swift in Sources */ = {isa = PBXBuildFile; fileRef = B39E77742BDBAA3D008539E5 /* SourceLinkView.swift */; };
		B39E77772BDBB017008539E5 /* FruitNutrientsView.swift in Sources */ = {isa = PBXBuildFile; fileRef = B39E77762BDBB017008539E5 /* FruitNutrientsView.swift */; };
		B39E77792BDBBA69008539E5 /* SettingsView.swift in Sources */ = {isa = PBXBuildFile; fileRef = B39E77782BDBBA69008539E5 /* SettingsView.swift */; };
		B39E777B2BDBC447008539E5 /* SettingsLabelView.swift in Sources */ = {isa = PBXBuildFile; fileRef = B39E777A2BDBC447008539E5 /* SettingsLabelView.swift */; };
		B39E777D2BDBCABD008539E5 /* SettingsRowView.swift in Sources */ = {isa = PBXBuildFile; fileRef = B39E777C2BDBCABD008539E5 /* SettingsRowView.swift */; };
		B3DAE8A62BDA5A65007A2B06 /* FructusApp.swift in Sources */ = {isa = PBXBuildFile; fileRef = B3DAE8A52BDA5A65007A2B06 /* FructusApp.swift */; };
		B3DAE8A82BDA5A65007A2B06 /* ContentView.swift in Sources */ = {isa = PBXBuildFile; fileRef = B3DAE8A72BDA5A65007A2B06 /* ContentView.swift */; };
		B3DAE8AA2BDA5A67007A2B06 /* Assets.xcassets in Resources */ = {isa = PBXBuildFile; fileRef = B3DAE8A92BDA5A67007A2B06 /* Assets.xcassets */; };
		B3DAE8AD2BDA5A67007A2B06 /* Preview Assets.xcassets in Resources */ = {isa = PBXBuildFile; fileRef = B3DAE8AC2BDA5A67007A2B06 /* Preview Assets.xcassets */; };
		B3DAE8B42BDA5CF5007A2B06 /* Launch Screen.storyboard in Resources */ = {isa = PBXBuildFile; fileRef = B3DAE8B32BDA5CF5007A2B06 /* Launch Screen.storyboard */; };
		B3E3DD1A2BDAA19F00995ADC /* FruitCardView.swift in Sources */ = {isa = PBXBuildFile; fileRef = B3E3DD192BDAA19F00995ADC /* FruitCardView.swift */; };
/* End PBXBuildFile section */

/* Begin PBXFileReference section */
		B38A94522BDA6379009C7B72 /* Info.plist */ = {isa = PBXFileReference; lastKnownFileType = text.plist; path = Info.plist; sourceTree = "<group>"; };
		B39E77622BDB6DC9008539E5 /* StartButtonView.swift */ = {isa = PBXFileReference; lastKnownFileType = sourcecode.swift; path = StartButtonView.swift; sourceTree = "<group>"; };
		B39E77642BDB7A40008539E5 /* OnboardingView.swift */ = {isa = PBXFileReference; lastKnownFileType = sourcecode.swift; path = OnboardingView.swift; sourceTree = "<group>"; };
		B39E77672BDB7EF1008539E5 /* FruitModel.swift */ = {isa = PBXFileReference; lastKnownFileType = sourcecode.swift; path = FruitModel.swift; sourceTree = "<group>"; };
		B39E776A2BDB813D008539E5 /* FruitData.swift */ = {isa = PBXFileReference; lastKnownFileType = sourcecode.swift; path = FruitData.swift; sourceTree = "<group>"; };
		B39E776C2BDB8F3A008539E5 /* FruitRowView.swift */ = {isa = PBXFileReference; lastKnownFileType = sourcecode.swift; path = FruitRowView.swift; sourceTree = "<group>"; };
		B39E77702BDB9B3F008539E5 /* FruitDetailView.swift */ = {isa = PBXFileReference; lastKnownFileType = sourcecode.swift; path = FruitDetailView.swift; sourceTree = "<group>"; };
		B39E77722BDBA3FB008539E5 /* FruitHeaderView.swift */ = {isa = PBXFileReference; lastKnownFileType = sourcecode.swift; path = FruitHeaderView.swift; sourceTree = "<group>"; };
		B39E77742BDBAA3D008539E5 /* SourceLinkView.swift */ = {isa = PBXFileReference; lastKnownFileType = sourcecode.swift; path = SourceLinkView.swift; sourceTree = "<group>"; };
		B39E77762BDBB017008539E5 /* FruitNutrientsView.swift */ = {isa = PBXFileReference; lastKnownFileType = sourcecode.swift; path = FruitNutrientsView.swift; sourceTree = "<group>"; };
		B39E77782BDBBA69008539E5 /* SettingsView.swift */ = {isa = PBXFileReference; lastKnownFileType = sourcecode.swift; path = SettingsView.swift; sourceTree = "<group>"; };
		B39E777A2BDBC447008539E5 /* SettingsLabelView.swift */ = {isa = PBXFileReference; lastKnownFileType = sourcecode.swift; path = SettingsLabelView.swift; sourceTree = "<group>"; };
		B39E777C2BDBCABD008539E5 /* SettingsRowView.swift */ = {isa = PBXFileReference; lastKnownFileType = sourcecode.swift; path = SettingsRowView.swift; sourceTree = "<group>"; };
		B3DAE8A22BDA5A65007A2B06 /* Fructus.app */ = {isa = PBXFileReference; explicitFileType = wrapper.application; includeInIndex = 0; path = Fructus.app; sourceTree = BUILT_PRODUCTS_DIR; };
		B3DAE8A52BDA5A65007A2B06 /* FructusApp.swift */ = {isa = PBXFileReference; lastKnownFileType = sourcecode.swift; path = FructusApp.swift; sourceTree = "<group>"; };
		B3DAE8A72BDA5A65007A2B06 /* ContentView.swift */ = {isa = PBXFileReference; lastKnownFileType = sourcecode.swift; path = ContentView.swift; sourceTree = "<group>"; };
		B3DAE8A92BDA5A67007A2B06 /* Assets.xcassets */ = {isa = PBXFileReference; lastKnownFileType = folder.assetcatalog; path = Assets.xcassets; sourceTree = "<group>"; };
		B3DAE8AC2BDA5A67007A2B06 /* Preview Assets.xcassets */ = {isa = PBXFileReference; lastKnownFileType = folder.assetcatalog; path = "Preview Assets.xcassets"; sourceTree = "<group>"; };
		B3DAE8B32BDA5CF5007A2B06 /* Launch Screen.storyboard */ = {isa = PBXFileReference; lastKnownFileType = file.storyboard; path = "Launch Screen.storyboard"; sourceTree = "<group>"; };
		B3E3DD192BDAA19F00995ADC /* FruitCardView.swift */ = {isa = PBXFileReference; lastKnownFileType = sourcecode.swift; path = FruitCardView.swift; sourceTree = "<group>"; };
/* End PBXFileReference section */

/* Begin PBXFrameworksBuildPhase section */
		B3DAE89F2BDA5A65007A2B06 /* Frameworks */ = {
			isa = PBXFrameworksBuildPhase;
			buildActionMask = 2147483647;
			files = (
			);
			runOnlyForDeploymentPostprocessing = 0;
		};
/* End PBXFrameworksBuildPhase section */

/* Begin PBXGroup section */
		B39E77662BDB7ECF008539E5 /* Model */ = {
			isa = PBXGroup;
			children = (
				B39E77672BDB7EF1008539E5 /* FruitModel.swift */,
			);
			path = Model;
			sourceTree = "<group>";
		};
		B39E77692BDB8128008539E5 /* Data */ = {
			isa = PBXGroup;
			children = (
				B39E776A2BDB813D008539E5 /* FruitData.swift */,
			);
			path = Data;
			sourceTree = "<group>";
		};
		B3DAE8992BDA5A64007A2B06 = {
			isa = PBXGroup;
			children = (
				B3DAE8A42BDA5A65007A2B06 /* Fructus */,
				B3DAE8A32BDA5A65007A2B06 /* Products */,
			);
			sourceTree = "<group>";
		};
		B3DAE8A32BDA5A65007A2B06 /* Products */ = {
			isa = PBXGroup;
			children = (
				B3DAE8A22BDA5A65007A2B06 /* Fructus.app */,
			);
			name = Products;
			sourceTree = "<group>";
		};
		B3DAE8A42BDA5A65007A2B06 /* Fructus */ = {
			isa = PBXGroup;
			children = (
				B3E3DD172BDAA12A00995ADC /* App */,
				B39E77692BDB8128008539E5 /* Data */,
				B39E77662BDB7ECF008539E5 /* Model */,
				B3E3DD182BDAA16800995ADC /* View */,
				B3DAE8A92BDA5A67007A2B06 /* Assets.xcassets */,
				B38A94522BDA6379009C7B72 /* Info.plist */,
				B3DAE8AB2BDA5A67007A2B06 /* Preview Content */,
				B3DAE8B32BDA5CF5007A2B06 /* Launch Screen.storyboard */,
			);
			path = Fructus;
			sourceTree = "<group>";
		};
		B3DAE8AB2BDA5A67007A2B06 /* Preview Content */ = {
			isa = PBXGroup;
			children = (
				B3DAE8AC2BDA5A67007A2B06 /* Preview Assets.xcassets */,
			);
			path = "Preview Content";
			sourceTree = "<group>";
		};
		B3E3DD172BDAA12A00995ADC /* App */ = {
			isa = PBXGroup;
			children = (
				B3DAE8A52BDA5A65007A2B06 /* FructusApp.swift */,
				B3DAE8A72BDA5A65007A2B06 /* ContentView.swift */,
				B39E77642BDB7A40008539E5 /* OnboardingView.swift */,
				B39E77702BDB9B3F008539E5 /* FruitDetailView.swift */,
			);
			path = App;
			sourceTree = "<group>";
		};
		B3E3DD182BDAA16800995ADC /* View */ = {
			isa = PBXGroup;
			children = (
				B3E3DD192BDAA19F00995ADC /* FruitCardView.swift */,
				B39E77622BDB6DC9008539E5 /* StartButtonView.swift */,
				B39E776C2BDB8F3A008539E5 /* FruitRowView.swift */,
				B39E77722BDBA3FB008539E5 /* FruitHeaderView.swift */,
				B39E77742BDBAA3D008539E5 /* SourceLinkView.swift */,
				B39E77762BDBB017008539E5 /* FruitNutrientsView.swift */,
				B39E77782BDBBA69008539E5 /* SettingsView.swift */,
				B39E777C2BDBCABD008539E5 /* SettingsRowView.swift */,
				B39E777A2BDBC447008539E5 /* SettingsLabelView.swift */,
			);
			path = View;
			sourceTree = "<group>";
		};
/* End PBXGroup section */

/* Begin PBXNativeTarget section */
		B3DAE8A12BDA5A65007A2B06 /* Fructus */ = {
			isa = PBXNativeTarget;
			buildConfigurationList = B3DAE8B02BDA5A67007A2B06 /* Build configuration list for PBXNativeTarget "Fructus" */;
			buildPhases = (
				B3DAE89E2BDA5A65007A2B06 /* Sources */,
				B3DAE89F2BDA5A65007A2B06 /* Frameworks */,
				B3DAE8A02BDA5A65007A2B06 /* Resources */,
			);
			buildRules = (
			);
			dependencies = (
			);
			name = Fructus;
			productName = Fructus;
			productReference = B3DAE8A22BDA5A65007A2B06 /* Fructus.app */;
			productType = "com.apple.product-type.application";
		};
/* End PBXNativeTarget section */

/* Begin PBXProject section */
		B3DAE89A2BDA5A64007A2B06 /* Project object */ = {
			isa = PBXProject;
			attributes = {
				BuildIndependentTargetsInParallel = 1;
				LastSwiftUpdateCheck = 1530;
				LastUpgradeCheck = 1530;
				TargetAttributes = {
					B3DAE8A12BDA5A65007A2B06 = {
						CreatedOnToolsVersion = 15.3;
					};
				};
			};
			buildConfigurationList = B3DAE89D2BDA5A64007A2B06 /* Build configuration list for PBXProject "Fructus" */;
			compatibilityVersion = "Xcode 14.0";
			developmentRegion = en;
			hasScannedForEncodings = 0;
			knownRegions = (
				en,
				Base,
			);
			mainGroup = B3DAE8992BDA5A64007A2B06;
			productRefGroup = B3DAE8A32BDA5A65007A2B06 /* Products */;
			projectDirPath = "";
			projectRoot = "";
			targets = (
				B3DAE8A12BDA5A65007A2B06 /* Fructus */,
			);
		};
/* End PBXProject section */

/* Begin PBXResourcesBuildPhase section */
		B3DAE8A02BDA5A65007A2B06 /* Resources */ = {
			isa = PBXResourcesBuildPhase;
			buildActionMask = 2147483647;
			files = (
				B3DAE8B42BDA5CF5007A2B06 /* Launch Screen.storyboard in Resources */,
				B3DAE8AD2BDA5A67007A2B06 /* Preview Assets.xcassets in Resources */,
				B3DAE8AA2BDA5A67007A2B06 /* Assets.xcassets in Resources */,
			);
			runOnlyForDeploymentPostprocessing = 0;
		};
/* End PBXResourcesBuildPhase section */

/* Begin PBXSourcesBuildPhase section */
		B3DAE89E2BDA5A65007A2B06 /* Sources */ = {
			isa = PBXSourcesBuildPhase;
			buildActionMask = 2147483647;
			files = (
				B39E776B2BDB813D008539E5 /* FruitData.swift in Sources */,
				B39E77752BDBAA3D008539E5 /* SourceLinkView.swift in Sources */,
				B39E777D2BDBCABD008539E5 /* SettingsRowView.swift in Sources */,
				B3E3DD1A2BDAA19F00995ADC /* FruitCardView.swift in Sources */,
				B39E776D2BDB8F3A008539E5 /* FruitRowView.swift in Sources */,
				B39E77772BDBB017008539E5 /* FruitNutrientsView.swift in Sources */,
				B39E77632BDB6DC9008539E5 /* StartButtonView.swift in Sources */,
				B39E77712BDB9B3F008539E5 /* FruitDetailView.swift in Sources */,
				B3DAE8A82BDA5A65007A2B06 /* ContentView.swift in Sources */,
				B39E77732BDBA3FB008539E5 /* FruitHeaderView.swift in Sources */,
				B39E77652BDB7A40008539E5 /* OnboardingView.swift in Sources */,
				B39E777B2BDBC447008539E5 /* SettingsLabelView.swift in Sources */,
				B39E77682BDB7EF1008539E5 /* FruitModel.swift in Sources */,
				B3DAE8A62BDA5A65007A2B06 /* FructusApp.swift in Sources */,
				B39E77792BDBBA69008539E5 /* SettingsView.swift in Sources */,
			);
			runOnlyForDeploymentPostprocessing = 0;
		};
/* End PBXSourcesBuildPhase section */

/* Begin XCBuildConfiguration section */
		B3DAE8AE2BDA5A67007A2B06 /* Debug */ = {
			isa = XCBuildConfiguration;
			buildSettings = {
				ALWAYS_SEARCH_USER_PATHS = NO;
				ASSETCATALOG_COMPILER_GENERATE_SWIFT_ASSET_SYMBOL_EXTENSIONS = YES;
				CLANG_ANALYZER_NONNULL = YES;
				CLANG_ANALYZER_NUMBER_OBJECT_CONVERSION = YES_AGGRESSIVE;
				CLANG_CXX_LANGUAGE_STANDARD = "gnu++20";
				CLANG_ENABLE_MODULES = YES;
				CLANG_ENABLE_OBJC_ARC = YES;
				CLANG_ENABLE_OBJC_WEAK = YES;
				CLANG_WARN_BLOCK_CAPTURE_AUTORELEASING = YES;
				CLANG_WARN_BOOL_CONVERSION = YES;
				CLANG_WARN_COMMA = YES;
				CLANG_WARN_CONSTANT_CONVERSION = YES;
				CLANG_WARN_DEPRECATED_OBJC_IMPLEMENTATIONS = YES;
				CLANG_WARN_DIRECT_OBJC_ISA_USAGE = YES_ERROR;
				CLANG_WARN_DOCUMENTATION_COMMENTS = YES;
				CLANG_WARN_EMPTY_BODY = YES;
				CLANG_WARN_ENUM_CONVERSION = YES;
				CLANG_WARN_INFINITE_RECURSION = YES;
				CLANG_WARN_INT_CONVERSION = YES;
				CLANG_WARN_NON_LITERAL_NULL_CONVERSION = YES;
				CLANG_WARN_OBJC_IMPLICIT_RETAIN_SELF = YES;
				CLANG_WARN_OBJC_LITERAL_CONVERSION = YES;
				CLANG_WARN_OBJC_ROOT_CLASS = YES_ERROR;
				CLANG_WARN_QUOTED_INCLUDE_IN_FRAMEWORK_HEADER = YES;
				CLANG_WARN_RANGE_LOOP_ANALYSIS = YES;
				CLANG_WARN_STRICT_PROTOTYPES = YES;
				CLANG_WARN_SUSPICIOUS_MOVE = YES;
				CLANG_WARN_UNGUARDED_AVAILABILITY = YES_AGGRESSIVE;
				CLANG_WARN_UNREACHABLE_CODE = YES;
				CLANG_WARN__DUPLICATE_METHOD_MATCH = YES;
				COPY_PHASE_STRIP = NO;
				DEBUG_INFORMATION_FORMAT = dwarf;
				ENABLE_STRICT_OBJC_MSGSEND = YES;
				ENABLE_TESTABILITY = YES;
				ENABLE_USER_SCRIPT_SANDBOXING = YES;
				GCC_C_LANGUAGE_STANDARD = gnu17;
				GCC_DYNAMIC_NO_PIC = NO;
				GCC_NO_COMMON_BLOCKS = YES;
				GCC_OPTIMIZATION_LEVEL = 0;
				GCC_PREPROCESSOR_DEFINITIONS = (
					"DEBUG=1",
					"$(inherited)",
				);
				GCC_WARN_64_TO_32_BIT_CONVERSION = YES;
				GCC_WARN_ABOUT_RETURN_TYPE = YES_ERROR;
				GCC_WARN_UNDECLARED_SELECTOR = YES;
				GCC_WARN_UNINITIALIZED_AUTOS = YES_AGGRESSIVE;
				GCC_WARN_UNUSED_FUNCTION = YES;
				GCC_WARN_UNUSED_VARIABLE = YES;
				IPHONEOS_DEPLOYMENT_TARGET = 17.4;
				LOCALIZATION_PREFERS_STRING_CATALOGS = YES;
				MTL_ENABLE_DEBUG_INFO = INCLUDE_SOURCE;
				MTL_FAST_MATH = YES;
				ONLY_ACTIVE_ARCH = YES;
				SDKROOT = iphoneos;
				SWIFT_ACTIVE_COMPILATION_CONDITIONS = "DEBUG $(inherited)";
				SWIFT_OPTIMIZATION_LEVEL = "-Onone";
			};
			name = Debug;
		};
		B3DAE8AF2BDA5A67007A2B06 /* Release */ = {
			isa = XCBuildConfiguration;
			buildSettings = {
				ALWAYS_SEARCH_USER_PATHS = NO;
				ASSETCATALOG_COMPILER_GENERATE_SWIFT_ASSET_SYMBOL_EXTENSIONS = YES;
				CLANG_ANALYZER_NONNULL = YES;
				CLANG_ANALYZER_NUMBER_OBJECT_CONVERSION = YES_AGGRESSIVE;
				CLANG_CXX_LANGUAGE_STANDARD = "gnu++20";
				CLANG_ENABLE_MODULES = YES;
				CLANG_ENABLE_OBJC_ARC = YES;
				CLANG_ENABLE_OBJC_WEAK = YES;
				CLANG_WARN_BLOCK_CAPTURE_AUTORELEASING = YES;
				CLANG_WARN_BOOL_CONVERSION = YES;
				CLANG_WARN_COMMA = YES;
				CLANG_WARN_CONSTANT_CONVERSION = YES;
				CLANG_WARN_DEPRECATED_OBJC_IMPLEMENTATIONS = YES;
				CLANG_WARN_DIRECT_OBJC_ISA_USAGE = YES_ERROR;
				CLANG_WARN_DOCUMENTATION_COMMENTS = YES;
				CLANG_WARN_EMPTY_BODY = YES;
				CLANG_WARN_ENUM_CONVERSION = YES;
				CLANG_WARN_INFINITE_RECURSION = YES;
				CLANG_WARN_INT_CONVERSION = YES;
				CLANG_WARN_NON_LITERAL_NULL_CONVERSION = YES;
				CLANG_WARN_OBJC_IMPLICIT_RETAIN_SELF = YES;
				CLANG_WARN_OBJC_LITERAL_CONVERSION = YES;
				CLANG_WARN_OBJC_ROOT_CLASS = YES_ERROR;
				CLANG_WARN_QUOTED_INCLUDE_IN_FRAMEWORK_HEADER = YES;
				CLANG_WARN_RANGE_LOOP_ANALYSIS = YES;
				CLANG_WARN_STRICT_PROTOTYPES = YES;
				CLANG_WARN_SUSPICIOUS_MOVE = YES;
				CLANG_WARN_UNGUARDED_AVAILABILITY = YES_AGGRESSIVE;
				CLANG_WARN_UNREACHABLE_CODE = YES;
				CLANG_WARN__DUPLICATE_METHOD_MATCH = YES;
				COPY_PHASE_STRIP = NO;
				DEBUG_INFORMATION_FORMAT = "dwarf-with-dsym";
				ENABLE_NS_ASSERTIONS = NO;
				ENABLE_STRICT_OBJC_MSGSEND = YES;
				ENABLE_USER_SCRIPT_SANDBOXING = YES;
				GCC_C_LANGUAGE_STANDARD = gnu17;
				GCC_NO_COMMON_BLOCKS = YES;
				GCC_WARN_64_TO_32_BIT_CONVERSION = YES;
				GCC_WARN_ABOUT_RETURN_TYPE = YES_ERROR;
				GCC_WARN_UNDECLARED_SELECTOR = YES;
				GCC_WARN_UNINITIALIZED_AUTOS = YES_AGGRESSIVE;
				GCC_WARN_UNUSED_FUNCTION = YES;
				GCC_WARN_UNUSED_VARIABLE = YES;
				IPHONEOS_DEPLOYMENT_TARGET = 17.4;
				LOCALIZATION_PREFERS_STRING_CATALOGS = YES;
				MTL_ENABLE_DEBUG_INFO = NO;
				MTL_FAST_MATH = YES;
				SDKROOT = iphoneos;
				SWIFT_COMPILATION_MODE = wholemodule;
				VALIDATE_PRODUCT = YES;
			};
			name = Release;
		};
		B3DAE8B12BDA5A67007A2B06 /* Debug */ = {
			isa = XCBuildConfiguration;
			buildSettings = {
				ASSETCATALOG_COMPILER_APPICON_NAME = AppIcon;
				ASSETCATALOG_COMPILER_GLOBAL_ACCENT_COLOR_NAME = AccentColor;
				CODE_SIGN_STYLE = Automatic;
				CURRENT_PROJECT_VERSION = 1;
				DEVELOPMENT_ASSET_PATHS = "\"Fructus/Preview Content\"";
				DEVELOPMENT_TEAM = 4M7X48WU4T;
				ENABLE_PREVIEWS = YES;
				GENERATE_INFOPLIST_FILE = YES;
				INFOPLIST_FILE = Fructus/Info.plist;
				INFOPLIST_KEY_UIApplicationSceneManifest_Generation = YES;
				INFOPLIST_KEY_UIApplicationSupportsIndirectInputEvents = YES;
				INFOPLIST_KEY_UILaunchStoryboardName = "Launch Screen.storyboard";
				INFOPLIST_KEY_UISupportedInterfaceOrientations = UIInterfaceOrientationPortrait;
				INFOPLIST_KEY_UISupportedInterfaceOrientations_iPad = "UIInterfaceOrientationLandscapeLeft UIInterfaceOrientationLandscapeRight UIInterfaceOrientationPortrait";
				IPHONEOS_DEPLOYMENT_TARGET = 16.0;
				LD_RUNPATH_SEARCH_PATHS = (
					"$(inherited)",
					"@executable_path/Frameworks",
				);
				MARKETING_VERSION = 1.0;
				PRODUCT_BUNDLE_IDENTIFIER = com.yucho.Fructus;
				PRODUCT_NAME = "$(TARGET_NAME)";
				SWIFT_EMIT_LOC_STRINGS = YES;
				SWIFT_VERSION = 5.0;
				TARGETED_DEVICE_FAMILY = "1,2";
			};
			name = Debug;
		};
		B3DAE8B22BDA5A67007A2B06 /* Release */ = {
			isa = XCBuildConfiguration;
			buildSettings = {
				ASSETCATALOG_COMPILER_APPICON_NAME = AppIcon;
				ASSETCATALOG_COMPILER_GLOBAL_ACCENT_COLOR_NAME = AccentColor;
				CODE_SIGN_STYLE = Automatic;
				CURRENT_PROJECT_VERSION = 1;
				DEVELOPMENT_ASSET_PATHS = "\"Fructus/Preview Content\"";
				DEVELOPMENT_TEAM = 4M7X48WU4T;
				ENABLE_PREVIEWS = YES;
				GENERATE_INFOPLIST_FILE = YES;
				INFOPLIST_FILE = Fructus/Info.plist;
				INFOPLIST_KEY_UIApplicationSceneManifest_Generation = YES;
				INFOPLIST_KEY_UIApplicationSupportsIndirectInputEvents = YES;
				INFOPLIST_KEY_UILaunchStoryboardName = "Launch Screen.storyboard";
				INFOPLIST_KEY_UISupportedInterfaceOrientations = UIInterfaceOrientationPortrait;
				INFOPLIST_KEY_UISupportedInterfaceOrientations_iPad = "UIInterfaceOrientationLandscapeLeft UIInterfaceOrientationLandscapeRight UIInterfaceOrientationPortrait";
				IPHONEOS_DEPLOYMENT_TARGET = 16.0;
				LD_RUNPATH_SEARCH_PATHS = (
					"$(inherited)",
					"@executable_path/Frameworks",
				);
				MARKETING_VERSION = 1.0;
				PRODUCT_BUNDLE_IDENTIFIER = com.yucho.Fructus;
				PRODUCT_NAME = "$(TARGET_NAME)";
				SWIFT_EMIT_LOC_STRINGS = YES;
				SWIFT_VERSION = 5.0;
				TARGETED_DEVICE_FAMILY = "1,2";
			};
			name = Release;
		};
/* End XCBuildConfiguration section */

/* Begin XCConfigurationList section */
		B3DAE89D2BDA5A64007A2B06 /* Build configuration list for PBXProject "Fructus" */ = {
			isa = XCConfigurationList;
			buildConfigurations = (
				B3DAE8AE2BDA5A67007A2B06 /* Debug */,
				B3DAE8AF2BDA5A67007A2B06 /* Release */,
			);
			defaultConfigurationIsVisible = 0;
			defaultConfigurationName = Release;
		};
		B3DAE8B02BDA5A67007A2B06 /* Build configuration list for PBXNativeTarget "Fructus" */ = {
			isa = XCConfigurationList;
			buildConfigurations = (
				B3DAE8B12BDA5A67007A2B06 /* Debug */,
				B3DAE8B22BDA5A67007A2B06 /* Release */,
			);
			defaultConfigurationIsVisible = 0;
			defaultConfigurationName = Release;
		};
/* End XCConfigurationList section */
	};
	rootObject = B3DAE89A2BDA5A64007A2B06 /* Project object */;
}
